Microsoft Visual Studio Solution File, Format Version 12.00
# Visual Studio Version 17
VisualStudioVersion = 17.5.2.0
MinimumVisualStudioVersion = 10.0.40219.1
Project("{2150E333-8FDC-42A3-9474-1A3956D46DE8}") = "Exercise Files", "Exercise Files", "{06627EF0-F8F7-91C9-0255-1278026FDB9D}"
EndProject
Project("{2150E333-8FDC-42A3-9474-1A3956D46DE8}") = "Finished", "Finished", "{AD272025-2E5C-3162-0E2B-31FAA377F8AF}"
EndProject
Project("{2150E333-8FDC-42A3-9474-1A3956D46DE8}") = "Files", "Files", "{ED897F53-E846-45CB-40D5-870B4A8631DB}"
EndProject
Project("{FAE04EC0-301F-11D3-BF4B-00C04F79EFBC}") = "Challenge", "Exercise Files\Finished\Files\Challenge\Challenge.csproj", "{D465CABB-D455-8BC6-10C9-5F937D75E66B}"
EndProject
Project("{FAE04EC0-301F-11D3-BF4B-00C04F79EFBC}") = "CreateFiles", "Exercise Files\Finished\Files\CreateFiles\CreateFiles.csproj", "{B6F490CD-D6FA-C958-CA3C-5E99714092E8}"
EndProject
Project("{FAE04EC0-301F-11D3-BF4B-00C04F79EFBC}") = "Directories", "Exercise Files\Finished\Files\Directories\Directories.csproj", "{94B53F24-671A-E0CB-FDD6-7E8962D23566}"
EndProject
Project("{FAE04EC0-301F-11D3-BF4B-00C04F79EFBC}") = "FileInfo", "Exercise Files\Finished\Files\FileInfo\FileInfo.csproj", "{ACC1C389-0810-75D3-5836-D01CE01ABCF7}"
EndProject
Project("{FAE04EC0-301F-11D3-BF4B-00C04F79EFBC}") = "ReadWriteFiles", "Exercise Files\Finished\Files\ReadWriteFiles\ReadWriteFiles.csproj", "{ABD5270E-2D1D-6224-6BB5-D41AC7518E4E}"
EndProject
Project("{2150E333-8FDC-42A3-9474-1A3956D46DE8}") = "NumbersDates", "NumbersDates", "{77ED5D01-D3F8-D73E-5CDA-EBC591EF55BC}"
EndProject
Project("{FAE04EC0-301F-11D3-BF4B-00C04F79EFBC}") = "Challenge", "Exercise Files\Finished\NumbersDates\Challenge\Challenge.csproj", "{77EC933A-7B56-67EB-441B-0348F33CC1A1}"
EndProject
Project("{FAE04EC0-301F-11D3-BF4B-00C04F79EFBC}") = "DateTimeClass", "Exercise Files\Finished\NumbersDates\DateTimeClass\DateTimeClass.csproj", "{6536CBAC-2F90-28AC-3326-5938C9406388}"
EndProject
Project("{FAE04EC0-301F-11D3-BF4B-00C04F79EFBC}") = "FormatDates", "Exercise Files\Finished\NumbersDates\FormatDates\FormatDates.csproj", "{9FC49BCC-7F5C-B3A9-046F-C843CCE78350}"
EndProject
Project("{FAE04EC0-301F-11D3-BF4B-00C04F79EFBC}") = "FormatNumbers", "Exercise Files\Finished\NumbersDates\FormatNumbers\FormatNumbers.csproj", "{6B114D78-0FEF-728F-0603-C8D4B7B80666}"
EndProject
Project("{FAE04EC0-301F-11D3-BF4B-00C04F79EFBC}") = "ParseDates", "Exercise Files\Finished\NumbersDates\ParseDates\ParseDates.csproj", "{72549EDF-A3FE-F7D1-FB70-7B63D102E4BF}"
EndProject
Project("{FAE04EC0-301F-11D3-BF4B-00C04F79EFBC}") = "ParseNumbers", "Exercise Files\Finished\NumbersDates\ParseNumbers\ParseNumbers.csproj", "{41EB5A42-09FF-15AA-E15C-37F28E0533D1}"
EndProject
Project("{2150E333-8FDC-42A3-9474-1A3956D46DE8}") = "Overview", "Overview", "{D5580131-8E16-83E8-B026-84D23C7DF5A4}"
EndProject
Project("{FAE04EC0-301F-11D3-BF4B-00C04F79EFBC}") = "DataTypes", "Exercise Files\Finished\Overview\DataTypes\DataTypes.csproj", "{0C808260-C2F4-DDED-30FD-0076E793798C}"
EndProject
Project("{FAE04EC0-301F-11D3-BF4B-00C04F79EFBC}") = "GarbageCollect", "Exercise Files\Finished\Overview\GarbageCollect\GarbageCollect.csproj", "{A6E87DEC-F4E2-53E6-97F5-47DECF95318F}"
EndProject
Project("{FAE04EC0-301F-11D3-BF4B-00C04F79EFBC}") = "MyConsoleApp", "Exercise Files\Finished\Overview\MyConsoleApp\MyConsoleApp.csproj", "{1F0782C0-27E2-6F36-DBBE-2BB073CD0EAD}"
EndProject
Project("{2150E333-8FDC-42A3-9474-1A3956D46DE8}") = "Regex", "Regex", "{29BFDC4D-408F-767A-DB58-078F2C3DE1B6}"
EndProject
Project("{FAE04EC0-301F-11D3-BF4B-00C04F79EFBC}") = "Challenge", "Exercise Files\Finished\Regex\Challenge\Challenge.csproj", "{65E63DEA-9D16-1711-FA30-B88F6BC9A56F}"
EndProject
Project("{FAE04EC0-301F-11D3-BF4B-00C04F79EFBC}") = "Finding", "Exercise Files\Finished\Regex\Finding\Finding.csproj", "{957D5FCB-D8CB-BD4C-B550-18A949497DD9}"
EndProject
Project("{FAE04EC0-301F-11D3-BF4B-00C04F79EFBC}") = "Replacing", "Exercise Files\Finished\Regex\Replacing\Replacing.csproj", "{68D80059-1D05-675E-F904-E2270B9C8647}"
EndProject
Project("{FAE04EC0-301F-11D3-BF4B-00C04F79EFBC}") = "RegexTimeouts", "Exercise Files\Finished\Regex\Timeouts\RegexTimeouts.csproj", "{97C9B3F1-116F-BFA0-B091-48DA246C758D}"
EndProject
Project("{2150E333-8FDC-42A3-9474-1A3956D46DE8}") = "Strings", "Strings", "{C7B2525F-51A1-1088-DDA7-19E45C36A242}"
EndProject
Project("{FAE04EC0-301F-11D3-BF4B-00C04F79EFBC}") = "Formatting", "Exercise Files\Finished\Strings\Formatting\Formatting.csproj", "{F97298BD-6671-F688-3BF9-926E86E90DFD}"
EndProject
Project("{FAE04EC0-301F-11D3-BF4B-00C04F79EFBC}") = "Interpolation", "Exercise Files\Finished\Strings\Interpolation\Interpolation.csproj", "{7CE0CF63-5CBA-CD35-1328-918D0547EA6A}"
EndProject
Project("{FAE04EC0-301F-11D3-BF4B-00C04F79EFBC}") = "Manipulation", "Exercise Files\Finished\Strings\Manipulation\Manipulation.csproj", "{E34DFF4F-645D-F8D2-A9FF-DFCCEC1644B9}"
EndProject
Project("{FAE04EC0-301F-11D3-BF4B-00C04F79EFBC}") = "Searching", "Exercise Files\Finished\Strings\Searching\Searching.csproj", "{C3DD9710-CA4F-A515-2615-8C33EA9EEFDC}"
EndProject
Project("{2150E333-8FDC-42A3-9474-1A3956D46DE8}") = "Start", "Start", "{CB44E6B6-6CD9-262D-8F17-53158E8D7182}"
EndProject
Project("{2150E333-8FDC-42A3-9474-1A3956D46DE8}") = "Files", "Files", "{6CBB296D-906E-756A-9BBC-FE8C7D96710F}"
EndProject
Project("{FAE04EC0-301F-11D3-BF4B-00C04F79EFBC}") = "CreateFiles", "Exercise Files\Start\Files\CreateFiles\CreateFiles.csproj", "{106E126A-52DB-AD47-9E1A-79CC019406B5}"
EndProject
Project("{FAE04EC0-301F-11D3-BF4B-00C04F79EFBC}") = "Directories", "Exercise Files\Start\Files\Directories\Directories.csproj", "{14DB994E-B8DE-2784-09CD-F5CF73B2A2CD}"
EndProject
Project("{FAE04EC0-301F-11D3-BF4B-00C04F79EFBC}") = "FileInfo", "Exercise Files\Start\Files\FileInfo\FileInfo.csproj", "{2CFF810A-B73B-92A1-1E51-38CAD8AF4FFC}"
EndProject
Project("{FAE04EC0-301F-11D3-BF4B-00C04F79EFBC}") = "ReadWriteFiles", "Exercise Files\Start\Files\ReadWriteFiles\ReadWriteFiles.csproj", "{7EBE7298-634C-571C-9545-437AAEB4A5F4}"
EndProject
Project("{2150E333-8FDC-42A3-9474-1A3956D46DE8}") = "NumbersDates", "NumbersDates", "{B6E2A876-DEBD-3341-2D03-6B20AFEFD4DE}"
EndProject
Project("{FAE04EC0-301F-11D3-BF4B-00C04F79EFBC}") = "DateTimeClass", "Exercise Files\Start\NumbersDates\DateTimeClass\DateTimeClass.csproj", "{37CF23CB-2F9C-18EC-559B-9DFCCDA6C1EC}"
EndProject
Project("{FAE04EC0-301F-11D3-BF4B-00C04F79EFBC}") = "FormatDates", "Exercise Files\Start\NumbersDates\FormatDates\FormatDates.csproj", "{EAFCDBC3-FA0B-193E-8C53-E29B33724703}"
EndProject
Project("{FAE04EC0-301F-11D3-BF4B-00C04F79EFBC}") = "FormatNumbers", "Exercise Files\Start\NumbersDates\FormatNumbers\FormatNumbers.csproj", "{0AF0E7BF-7DB1-BA14-93E3-DE5C169075EC}"
EndProject
Project("{FAE04EC0-301F-11D3-BF4B-00C04F79EFBC}") = "ParseDates", "Exercise Files\Start\NumbersDates\ParseDates\ParseDates.csproj", "{F5997F03-252A-46BD-FE3D-1B1944F7211B}"
EndProject
Project("{FAE04EC0-301F-11D3-BF4B-00C04F79EFBC}") = "ParseNumbers", "Exercise Files\Start\NumbersDates\ParseNumbers\ParseNumbers.csproj", "{B0F812D8-E4E1-955C-03DA-54A5E61B2D2F}"
EndProject
Project("{2150E333-8FDC-42A3-9474-1A3956D46DE8}") = "Overview", "Overview", "{66D359E2-585E-1ED4-936B-B819ADEAAF2A}"
EndProject
Project("{FAE04EC0-301F-11D3-BF4B-00C04F79EFBC}") = "DataTypes", "Exercise Files\Start\Overview\DataTypes\DataTypes.csproj", "{69041B58-DD6E-43CF-B404-673E17B815D9}"
EndProject
Project("{FAE04EC0-301F-11D3-BF4B-00C04F79EFBC}") = "GarbageCollect", "Exercise Files\Start\Overview\GarbageCollect\GarbageCollect.csproj", "{6CB9FD3F-EFFB-E774-2942-B675BB3A3D81}"
EndProject
Project("{FAE04EC0-301F-11D3-BF4B-00C04F79EFBC}") = "MyConsoleApp", "Exercise Files\Start\Overview\MyConsoleApp\MyConsoleApp.csproj", "{B5BE6CE7-6E1E-0B02-4F69-4FA6F7DBB8DC}"
EndProject
Project("{2150E333-8FDC-42A3-9474-1A3956D46DE8}") = "Regex", "Regex", "{659B755B-31B5-27BF-5D47-48A197F8ED55}"
EndProject
Project("{FAE04EC0-301F-11D3-BF4B-00C04F79EFBC}") = "Finding", "Exercise Files\Start\Regex\Finding\Finding.csproj", "{F7407A13-3403-4DFC-FDDD-F29397D299A7}"
EndProject
Project("{FAE04EC0-301F-11D3-BF4B-00C04F79EFBC}") = "Replacing", "Exercise Files\Start\Regex\Replacing\Replacing.csproj", "{EE13BDC3-421E-6334-59E1-88C27CEC411A}"
EndProject
Project("{FAE04EC0-301F-11D3-BF4B-00C04F79EFBC}") = "RegexTimeouts", "Exercise Files\Start\Regex\Timeouts\RegexTimeouts.csproj", "{2EF42DDB-9696-567C-0CE5-E0CACBECAA36}"
EndProject
Project("{2150E333-8FDC-42A3-9474-1A3956D46DE8}") = "Strings", "Strings", "{89FF3934-5A27-4B22-FC24-FABB118D26B0}"
EndProject
Project("{FAE04EC0-301F-11D3-BF4B-00C04F79EFBC}") = "Formatting", "Exercise Files\Start\Strings\Formatting\Formatting.csproj", "{6DDFD7FD-6955-E53B-E326-27C5D4C4A631}"
EndProject
Project("{FAE04EC0-301F-11D3-BF4B-00C04F79EFBC}") = "Interpolation", "Exercise Files\Start\Strings\Interpolation\Interpolation.csproj", "{902C75E4-7E19-F60C-40EB-14FDD732E72F}"
EndProject
Project("{FAE04EC0-301F-11D3-BF4B-00C04F79EFBC}") = "Manipulation", "Exercise Files\Start\Strings\Manipulation\Manipulation.csproj", "{D12171F9-9DBA-7C77-599F-34596BC2B4AF}"
EndProject
Project("{FAE04EC0-301F-11D3-BF4B-00C04F79EFBC}") = "Searching", "Exercise Files\Start\Strings\Searching\Searching.csproj", "{B611F73A-6A2E-6B3E-B26B-6DCF5963CE51}"
EndProject
Global
	GlobalSection(SolutionConfigurationPlatforms) = preSolution
		Debug|Any CPU = Debug|Any CPU
		Release|Any CPU = Release|Any CPU
	EndGlobalSection
	GlobalSection(ProjectConfigurationPlatforms) = postSolution
		{D465CABB-D455-8BC6-10C9-5F937D75E66B}.Debug|Any CPU.ActiveCfg = Debug|Any CPU
		{D465CABB-D455-8BC6-10C9-5F937D75E66B}.Debug|Any CPU.Build.0 = Debug|Any CPU
		{D465CABB-D455-8BC6-10C9-5F937D75E66B}.Release|Any CPU.ActiveCfg = Release|Any CPU
		{D465CABB-D455-8BC6-10C9-5F937D75E66B}.Release|Any CPU.Build.0 = Release|Any CPU
		{B6F490CD-D6FA-C958-CA3C-5E99714092E8}.Debug|Any CPU.ActiveCfg = Debug|Any CPU
		{B6F490CD-D6FA-C958-CA3C-5E99714092E8}.Debug|Any CPU.Build.0 = Debug|Any CPU
		{B6F490CD-D6FA-C958-CA3C-5E99714092E8}.Release|Any CPU.ActiveCfg = Release|Any CPU
		{B6F490CD-D6FA-C958-CA3C-5E99714092E8}.Release|Any CPU.Build.0 = Release|Any CPU
		{94B53F24-671A-E0CB-FDD6-7E8962D23566}.Debug|Any CPU.ActiveCfg = Debug|Any CPU
		{94B53F24-671A-E0CB-FDD6-7E8962D23566}.Debug|Any CPU.Build.0 = Debug|Any CPU
		{94B53F24-671A-E0CB-FDD6-7E8962D23566}.Release|Any CPU.ActiveCfg = Release|Any CPU
		{94B53F24-671A-E0CB-FDD6-7E8962D23566}.Release|Any CPU.Build.0 = Release|Any CPU
		{ACC1C389-0810-75D3-5836-D01CE01ABCF7}.Debug|Any CPU.ActiveCfg = Debug|Any CPU
		{ACC1C389-0810-75D3-5836-D01CE01ABCF7}.Debug|Any CPU.Build.0 = Debug|Any CPU
		{ACC1C389-0810-75D3-5836-D01CE01ABCF7}.Release|Any CPU.ActiveCfg = Release|Any CPU
		{ACC1C389-0810-75D3-5836-D01CE01ABCF7}.Release|Any CPU.Build.0 = Release|Any CPU
		{ABD5270E-2D1D-6224-6BB5-D41AC7518E4E}.Debug|Any CPU.ActiveCfg = Debug|Any CPU
		{ABD5270E-2D1D-6224-6BB5-D41AC7518E4E}.Debug|Any CPU.Build.0 = Debug|Any CPU
		{ABD5270E-2D1D-6224-6BB5-D41AC7518E4E}.Release|Any CPU.ActiveCfg = Release|Any CPU
		{ABD5270E-2D1D-6224-6BB5-D41AC7518E4E}.Release|Any CPU.Build.0 = Release|Any CPU
		{77EC933A-7B56-67EB-441B-0348F33CC1A1}.Debug|Any CPU.ActiveCfg = Debug|Any CPU
		{77EC933A-7B56-67EB-441B-0348F33CC1A1}.Debug|Any CPU.Build.0 = Debug|Any CPU
		{77EC933A-7B56-67EB-441B-0348F33CC1A1}.Release|Any CPU.ActiveCfg = Release|Any CPU
		{77EC933A-7B56-67EB-441B-0348F33CC1A1}.Release|Any CPU.Build.0 = Release|Any CPU
		{6536CBAC-2F90-28AC-3326-5938C9406388}.Debug|Any CPU.ActiveCfg = Debug|Any CPU
		{6536CBAC-2F90-28AC-3326-5938C9406388}.Debug|Any CPU.Build.0 = Debug|Any CPU
		{6536CBAC-2F90-28AC-3326-5938C9406388}.Release|Any CPU.ActiveCfg = Release|Any CPU
		{6536CBAC-2F90-28AC-3326-5938C9406388}.Release|Any CPU.Build.0 = Release|Any CPU
		{9FC49BCC-7F5C-B3A9-046F-C843CCE78350}.Debug|Any CPU.ActiveCfg = Debug|Any CPU
		{9FC49BCC-7F5C-B3A9-046F-C843CCE78350}.Debug|Any CPU.Build.0 = Debug|Any CPU
		{9FC49BCC-7F5C-B3A9-046F-C843CCE78350}.Release|Any CPU.ActiveCfg = Release|Any CPU
		{9FC49BCC-7F5C-B3A9-046F-C843CCE78350}.Release|Any CPU.Build.0 = Release|Any CPU
		{6B114D78-0FEF-728F-0603-C8D4B7B80666}.Debug|Any CPU.ActiveCfg = Debug|Any CPU
		{6B114D78-0FEF-728F-0603-C8D4B7B80666}.Debug|Any CPU.Build.0 = Debug|Any CPU
		{6B114D78-0FEF-728F-0603-C8D4B7B80666}.Release|Any CPU.ActiveCfg = Release|Any CPU
		{6B114D78-0FEF-728F-0603-C8D4B7B80666}.Release|Any CPU.Build.0 = Release|Any CPU
		{72549EDF-A3FE-F7D1-FB70-7B63D102E4BF}.Debug|Any CPU.ActiveCfg = Debug|Any CPU
		{72549EDF-A3FE-F7D1-FB70-7B63D102E4BF}.Debug|Any CPU.Build.0 = Debug|Any CPU
		{72549EDF-A3FE-F7D1-FB70-7B63D102E4BF}.Release|Any CPU.ActiveCfg = Release|Any CPU
		{72549EDF-A3FE-F7D1-FB70-7B63D102E4BF}.Release|Any CPU.Build.0 = Release|Any CPU
		{41EB5A42-09FF-15AA-E15C-37F28E0533D1}.Debug|Any CPU.ActiveCfg = Debug|Any CPU
		{41EB5A42-09FF-15AA-E15C-37F28E0533D1}.Debug|Any CPU.Build.0 = Debug|Any CPU
		{41EB5A42-09FF-15AA-E15C-37F28E0533D1}.Release|Any CPU.ActiveCfg = Release|Any CPU
		{41EB5A42-09FF-15AA-E15C-37F28E0533D1}.Release|Any CPU.Build.0 = Release|Any CPU
		{0C808260-C2F4-DDED-30FD-0076E793798C}.Debug|Any CPU.ActiveCfg = Debug|Any CPU
		{0C808260-C2F4-DDED-30FD-0076E793798C}.Debug|Any CPU.Build.0 = Debug|Any CPU
		{0C808260-C2F4-DDED-30FD-0076E793798C}.Release|Any CPU.ActiveCfg = Release|Any CPU
		{0C808260-C2F4-DDED-30FD-0076E793798C}.Release|Any CPU.Build.0 = Release|Any CPU
		{A6E87DEC-F4E2-53E6-97F5-47DECF95318F}.Debug|Any CPU.ActiveCfg = Debug|Any CPU
		{A6E87DEC-F4E2-53E6-97F5-47DECF95318F}.Debug|Any CPU.Build.0 = Debug|Any CPU
		{A6E87DEC-F4E2-53E6-97F5-47DECF95318F}.Release|Any CPU.ActiveCfg = Release|Any CPU
		{A6E87DEC-F4E2-53E6-97F5-47DECF95318F}.Release|Any CPU.Build.0 = Release|Any CPU
		{1F0782C0-27E2-6F36-DBBE-2BB073CD0EAD}.Debug|Any CPU.ActiveCfg = Debug|Any CPU
		{1F0782C0-27E2-6F36-DBBE-2BB073CD0EAD}.Debug|Any CPU.Build.0 = Debug|Any CPU
		{1F0782C0-27E2-6F36-DBBE-2BB073CD0EAD}.Release|Any CPU.ActiveCfg = Release|Any CPU
		{1F0782C0-27E2-6F36-DBBE-2BB073CD0EAD}.Release|Any CPU.Build.0 = Release|Any CPU
		{65E63DEA-9D16-1711-FA30-B88F6BC9A56F}.Debug|Any CPU.ActiveCfg = Debug|Any CPU
		{65E63DEA-9D16-1711-FA30-B88F6BC9A56F}.Debug|Any CPU.Build.0 = Debug|Any CPU
		{65E63DEA-9D16-1711-FA30-B88F6BC9A56F}.Release|Any CPU.ActiveCfg = Release|Any CPU
		{65E63DEA-9D16-1711-FA30-B88F6BC9A56F}.Release|Any CPU.Build.0 = Release|Any CPU
		{957D5FCB-D8CB-BD4C-B550-18A949497DD9}.Debug|Any CPU.ActiveCfg = Debug|Any CPU
		{957D5FCB-D8CB-BD4C-B550-18A949497DD9}.Debug|Any CPU.Build.0 = Debug|Any CPU
		{957D5FCB-D8CB-BD4C-B550-18A949497DD9}.Release|Any CPU.ActiveCfg = Release|Any CPU
		{957D5FCB-D8CB-BD4C-B550-18A949497DD9}.Release|Any CPU.Build.0 = Release|Any CPU
		{68D80059-1D05-675E-F904-E2270B9C8647}.Debug|Any CPU.ActiveCfg = Debug|Any CPU
		{68D80059-1D05-675E-F904-E2270B9C8647}.Debug|Any CPU.Build.0 = Debug|Any CPU
		{68D80059-1D05-675E-F904-E2270B9C8647}.Release|Any CPU.ActiveCfg = Release|Any CPU
		{68D80059-1D05-675E-F904-E2270B9C8647}.Release|Any CPU.Build.0 = Release|Any CPU
		{97C9B3F1-116F-BFA0-B091-48DA246C758D}.Debug|Any CPU.ActiveCfg = Debug|Any CPU
		{97C9B3F1-116F-BFA0-B091-48DA246C758D}.Debug|Any CPU.Build.0 = Debug|Any CPU
		{97C9B3F1-116F-BFA0-B091-48DA246C758D}.Release|Any CPU.ActiveCfg = Release|Any CPU
		{97C9B3F1-116F-BFA0-B091-48DA246C758D}.Release|Any CPU.Build.0 = Release|Any CPU
		{F97298BD-6671-F688-3BF9-926E86E90DFD}.Debug|Any CPU.ActiveCfg = Debug|Any CPU
		{F97298BD-6671-F688-3BF9-926E86E90DFD}.Debug|Any CPU.Build.0 = Debug|Any CPU
		{F97298BD-6671-F688-3BF9-926E86E90DFD}.Release|Any CPU.ActiveCfg = Release|Any CPU
		{F97298BD-6671-F688-3BF9-926E86E90DFD}.Release|Any CPU.Build.0 = Release|Any CPU
		{7CE0CF63-5CBA-CD35-1328-918D0547EA6A}.Debug|Any CPU.ActiveCfg = Debug|Any CPU
		{7CE0CF63-5CBA-CD35-1328-918D0547EA6A}.Debug|Any CPU.Build.0 = Debug|Any CPU
		{7CE0CF63-5CBA-CD35-1328-918D0547EA6A}.Release|Any CPU.ActiveCfg = Release|Any CPU
		{7CE0CF63-5CBA-CD35-1328-918D0547EA6A}.Release|Any CPU.Build.0 = Release|Any CPU
		{E34DFF4F-645D-F8D2-A9FF-DFCCEC1644B9}.Debug|Any CPU.ActiveCfg = Debug|Any CPU
		{E34DFF4F-645D-F8D2-A9FF-DFCCEC1644B9}.Debug|Any CPU.Build.0 = Debug|Any CPU
		{E34DFF4F-645D-F8D2-A9FF-DFCCEC1644B9}.Release|Any CPU.ActiveCfg = Release|Any CPU
		{E34DFF4F-645D-F8D2-A9FF-DFCCEC1644B9}.Release|Any CPU.Build.0 = Release|Any CPU
		{C3DD9710-CA4F-A515-2615-8C33EA9EEFDC}.Debug|Any CPU.ActiveCfg = Debug|Any CPU
		{C3DD9710-CA4F-A515-2615-8C33EA9EEFDC}.Debug|Any CPU.Build.0 = Debug|Any CPU
		{C3DD9710-CA4F-A515-2615-8C33EA9EEFDC}.Release|Any CPU.ActiveCfg = Release|Any CPU
		{C3DD9710-CA4F-A515-2615-8C33EA9EEFDC}.Release|Any CPU.Build.0 = Release|Any CPU
		{106E126A-52DB-AD47-9E1A-79CC019406B5}.Debug|Any CPU.ActiveCfg = Debug|Any CPU
		{106E126A-52DB-AD47-9E1A-79CC019406B5}.Debug|Any CPU.Build.0 = Debug|Any CPU
		{106E126A-52DB-AD47-9E1A-79CC019406B5}.Release|Any CPU.ActiveCfg = Release|Any CPU
		{106E126A-52DB-AD47-9E1A-79CC019406B5}.Release|Any CPU.Build.0 = Release|Any CPU
		{14DB994E-B8DE-2784-09CD-F5CF73B2A2CD}.Debug|Any CPU.ActiveCfg = Debug|Any CPU
		{14DB994E-B8DE-2784-09CD-F5CF73B2A2CD}.Debug|Any CPU.Build.0 = Debug|Any CPU
		{14DB994E-B8DE-2784-09CD-F5CF73B2A2CD}.Release|Any CPU.ActiveCfg = Release|Any CPU
		{14DB994E-B8DE-2784-09CD-F5CF73B2A2CD}.Release|Any CPU.Build.0 = Release|Any CPU
		{2CFF810A-B73B-92A1-1E51-38CAD8AF4FFC}.Debug|Any CPU.ActiveCfg = Debug|Any CPU
		{2CFF810A-B73B-92A1-1E51-38CAD8AF4FFC}.Debug|Any CPU.Build.0 = Debug|Any CPU
		{2CFF810A-B73B-92A1-1E51-38CAD8AF4FFC}.Release|Any CPU.ActiveCfg = Release|Any CPU
		{2CFF810A-B73B-92A1-1E51-38CAD8AF4FFC}.Release|Any CPU.Build.0 = Release|Any CPU
		{7EBE7298-634C-571C-9545-437AAEB4A5F4}.Debug|Any CPU.ActiveCfg = Debug|Any CPU
		{7EBE7298-634C-571C-9545-437AAEB4A5F4}.Debug|Any CPU.Build.0 = Debug|Any CPU
		{7EBE7298-634C-571C-9545-437AAEB4A5F4}.Release|Any CPU.ActiveCfg = Release|Any CPU
		{7EBE7298-634C-571C-9545-437AAEB4A5F4}.Release|Any CPU.Build.0 = Release|Any CPU
		{37CF23CB-2F9C-18EC-559B-9DFCCDA6C1EC}.Debug|Any CPU.ActiveCfg = Debug|Any CPU
		{37CF23CB-2F9C-18EC-559B-9DFCCDA6C1EC}.Debug|Any CPU.Build.0 = Debug|Any CPU
		{37CF23CB-2F9C-18EC-559B-9DFCCDA6C1EC}.Release|Any CPU.ActiveCfg = Release|Any CPU
		{37CF23CB-2F9C-18EC-559B-9DFCCDA6C1EC}.Release|Any CPU.Build.0 = Release|Any CPU
		{EAFCDBC3-FA0B-193E-8C53-E29B33724703}.Debug|Any CPU.ActiveCfg = Debug|Any CPU
		{EAFCDBC3-FA0B-193E-8C53-E29B33724703}.Debug|Any CPU.Build.0 = Debug|Any CPU
		{EAFCDBC3-FA0B-193E-8C53-E29B33724703}.Release|Any CPU.ActiveCfg = Release|Any CPU
		{EAFCDBC3-FA0B-193E-8C53-E29B33724703}.Release|Any CPU.Build.0 = Release|Any CPU
		{0AF0E7BF-7DB1-BA14-93E3-DE5C169075EC}.Debug|Any CPU.ActiveCfg = Debug|Any CPU
		{0AF0E7BF-7DB1-BA14-93E3-DE5C169075EC}.Debug|Any CPU.Build.0 = Debug|Any CPU
		{0AF0E7BF-7DB1-BA14-93E3-DE5C169075EC}.Release|Any CPU.ActiveCfg = Release|Any CPU
		{0AF0E7BF-7DB1-BA14-93E3-DE5C169075EC}.Release|Any CPU.Build.0 = Release|Any CPU
		{F5997F03-252A-46BD-FE3D-1B1944F7211B}.Debug|Any CPU.ActiveCfg = Debug|Any CPU
		{F5997F03-252A-46BD-FE3D-1B1944F7211B}.Debug|Any CPU.Build.0 = Debug|Any CPU
		{F5997F03-252A-46BD-FE3D-1B1944F7211B}.Release|Any CPU.ActiveCfg = Release|Any CPU
		{F5997F03-252A-46BD-FE3D-1B1944F7211B}.Release|Any CPU.Build.0 = Release|Any CPU
		{B0F812D8-E4E1-955C-03DA-54A5E61B2D2F}.Debug|Any CPU.ActiveCfg = Debug|Any CPU
		{B0F812D8-E4E1-955C-03DA-54A5E61B2D2F}.Debug|Any CPU.Build.0 = Debug|Any CPU
		{B0F812D8-E4E1-955C-03DA-54A5E61B2D2F}.Release|Any CPU.ActiveCfg = Release|Any CPU
		{B0F812D8-E4E1-955C-03DA-54A5E61B2D2F}.Release|Any CPU.Build.0 = Release|Any CPU
		{69041B58-DD6E-43CF-B404-673E17B815D9}.Debug|Any CPU.ActiveCfg = Debug|Any CPU
		{69041B58-DD6E-43CF-B404-673E17B815D9}.Debug|Any CPU.Build.0 = Debug|Any CPU
		{69041B58-DD6E-43CF-B404-673E17B815D9}.Release|Any CPU.ActiveCfg = Release|Any CPU
		{69041B58-DD6E-43CF-B404-673E17B815D9}.Release|Any CPU.Build.0 = Release|Any CPU
		{6CB9FD3F-EFFB-E774-2942-B675BB3A3D81}.Debug|Any CPU.ActiveCfg = Debug|Any CPU
		{6CB9FD3F-EFFB-E774-2942-B675BB3A3D81}.Debug|Any CPU.Build.0 = Debug|Any CPU
		{6CB9FD3F-EFFB-E774-2942-B675BB3A3D81}.Release|Any CPU.ActiveCfg = Release|Any CPU
		{6CB9FD3F-EFFB-E774-2942-B675BB3A3D81}.Release|Any CPU.Build.0 = Release|Any CPU
		{B5BE6CE7-6E1E-0B02-4F69-4FA6F7DBB8DC}.Debug|Any CPU.ActiveCfg = Debug|Any CPU
		{B5BE6CE7-6E1E-0B02-4F69-4FA6F7DBB8DC}.Debug|Any CPU.Build.0 = Debug|Any CPU
		{B5BE6CE7-6E1E-0B02-4F69-4FA6F7DBB8DC}.Release|Any CPU.ActiveCfg = Release|Any CPU
		{B5BE6CE7-6E1E-0B02-4F69-4FA6F7DBB8DC}.Release|Any CPU.Build.0 = Release|Any CPU
		{F7407A13-3403-4DFC-FDDD-F29397D299A7}.Debug|Any CPU.ActiveCfg = Debug|Any CPU
		{F7407A13-3403-4DFC-FDDD-F29397D299A7}.Debug|Any CPU.Build.0 = Debug|Any CPU
		{F7407A13-3403-4DFC-FDDD-F29397D299A7}.Release|Any CPU.ActiveCfg = Release|Any CPU
		{F7407A13-3403-4DFC-FDDD-F29397D299A7}.Release|Any CPU.Build.0 = Release|Any CPU
		{EE13BDC3-421E-6334-59E1-88C27CEC411A}.Debug|Any CPU.ActiveCfg = Debug|Any CPU
		{EE13BDC3-421E-6334-59E1-88C27CEC411A}.Debug|Any CPU.Build.0 = Debug|Any CPU
		{EE13BDC3-421E-6334-59E1-88C27CEC411A}.Release|Any CPU.ActiveCfg = Release|Any CPU
		{EE13BDC3-421E-6334-59E1-88C27CEC411A}.Release|Any CPU.Build.0 = Release|Any CPU
		{2EF42DDB-9696-567C-0CE5-E0CACBECAA36}.Debug|Any CPU.ActiveCfg = Debug|Any CPU
		{2EF42DDB-9696-567C-0CE5-E0CACBECAA36}.Debug|Any CPU.Build.0 = Debug|Any CPU
		{2EF42DDB-9696-567C-0CE5-E0CACBECAA36}.Release|Any CPU.ActiveCfg = Release|Any CPU
		{2EF42DDB-9696-567C-0CE5-E0CACBECAA36}.Release|Any CPU.Build.0 = Release|Any CPU
		{6DDFD7FD-6955-E53B-E326-27C5D4C4A631}.Debug|Any CPU.ActiveCfg = Debug|Any CPU
		{6DDFD7FD-6955-E53B-E326-27C5D4C4A631}.Debug|Any CPU.Build.0 = Debug|Any CPU
		{6DDFD7FD-6955-E53B-E326-27C5D4C4A631}.Release|Any CPU.ActiveCfg = Release|Any CPU
		{6DDFD7FD-6955-E53B-E326-27C5D4C4A631}.Release|Any CPU.Build.0 = Release|Any CPU
		{902C75E4-7E19-F60C-40EB-14FDD732E72F}.Debug|Any CPU.ActiveCfg = Debug|Any CPU
		{902C75E4-7E19-F60C-40EB-14FDD732E72F}.Debug|Any CPU.Build.0 = Debug|Any CPU
		{902C75E4-7E19-F60C-40EB-14FDD732E72F}.Release|Any CPU.ActiveCfg = Release|Any CPU
		{902C75E4-7E19-F60C-40EB-14FDD732E72F}.Release|Any CPU.Build.0 = Release|Any CPU
		{D12171F9-9DBA-7C77-599F-34596BC2B4AF}.Debug|Any CPU.ActiveCfg = Debug|Any CPU
		{D12171F9-9DBA-7C77-599F-34596BC2B4AF}.Debug|Any CPU.Build.0 = Debug|Any CPU
		{D12171F9-9DBA-7C77-599F-34596BC2B4AF}.Release|Any CPU.ActiveCfg = Release|Any CPU
		{D12171F9-9DBA-7C77-599F-34596BC2B4AF}.Release|Any CPU.Build.0 = Release|Any CPU
		{B611F73A-6A2E-6B3E-B26B-6DCF5963CE51}.Debug|Any CPU.ActiveCfg = Debug|Any CPU
		{B611F73A-6A2E-6B3E-B26B-6DCF5963CE51}.Debug|Any CPU.Build.0 = Debug|Any CPU
		{B611F73A-6A2E-6B3E-B26B-6DCF5963CE51}.Release|Any CPU.ActiveCfg = Release|Any CPU
		{B611F73A-6A2E-6B3E-B26B-6DCF5963CE51}.Release|Any CPU.Build.0 = Release|Any CPU
	EndGlobalSection
	GlobalSection(SolutionProperties) = preSolution
		HideSolutionNode = FALSE
	EndGlobalSection
	GlobalSection(NestedProjects) = preSolution
		{AD272025-2E5C-3162-0E2B-31FAA377F8AF} = {06627EF0-F8F7-91C9-0255-1278026FDB9D}
		{ED897F53-E846-45CB-40D5-870B4A8631DB} = {AD272025-2E5C-3162-0E2B-31FAA377F8AF}
		{D465CABB-D455-8BC6-10C9-5F937D75E66B} = {ED897F53-E846-45CB-40D5-870B4A8631DB}
		{B6F490CD-D6FA-C958-CA3C-5E99714092E8} = {ED897F53-E846-45CB-40D5-870B4A8631DB}
		{94B53F24-671A-E0CB-FDD6-7E8962D23566} = {ED897F53-E846-45CB-40D5-870B4A8631DB}
		{ACC1C389-0810-75D3-5836-D01CE01ABCF7} = {ED897F53-E846-45CB-40D5-870B4A8631DB}
		{ABD5270E-2D1D-6224-6BB5-D41AC7518E4E} = {ED897F53-E846-45CB-40D5-870B4A8631DB}
		{77ED5D01-D3F8-D73E-5CDA-EBC591EF55BC} = {AD272025-2E5C-3162-0E2B-31FAA377F8AF}
		{77EC933A-7B56-67EB-441B-0348F33CC1A1} = {77ED5D01-D3F8-D73E-5CDA-EBC591EF55BC}
		{6536CBAC-2F90-28AC-3326-5938C9406388} = {77ED5D01-D3F8-D73E-5CDA-EBC591EF55BC}
		{9FC49BCC-7F5C-B3A9-046F-C843CCE78350} = {77ED5D01-D3F8-D73E-5CDA-EBC591EF55BC}
		{6B114D78-0FEF-728F-0603-C8D4B7B80666} = {77ED5D01-D3F8-D73E-5CDA-EBC591EF55BC}
		{72549EDF-A3FE-F7D1-FB70-7B63D102E4BF} = {77ED5D01-D3F8-D73E-5CDA-EBC591EF55BC}
		{41EB5A42-09FF-15AA-E15C-37F28E0533D1} = {77ED5D01-D3F8-D73E-5CDA-EBC591EF55BC}
		{D5580131-8E16-83E8-B026-84D23C7DF5A4} = {AD272025-2E5C-3162-0E2B-31FAA377F8AF}
		{0C808260-C2F4-DDED-30FD-0076E793798C} = {D5580131-8E16-83E8-B026-84D23C7DF5A4}
		{A6E87DEC-F4E2-53E6-97F5-47DECF95318F} = {D5580131-8E16-83E8-B026-84D23C7DF5A4}
		{1F0782C0-27E2-6F36-DBBE-2BB073CD0EAD} = {D5580131-8E16-83E8-B026-84D23C7DF5A4}
		{29BFDC4D-408F-767A-DB58-078F2C3DE1B6} = {AD272025-2E5C-3162-0E2B-31FAA377F8AF}
		{65E63DEA-9D16-1711-FA30-B88F6BC9A56F} = {29BFDC4D-408F-767A-DB58-078F2C3DE1B6}
		{957D5FCB-D8CB-BD4C-B550-18A949497DD9} = {29BFDC4D-408F-767A-DB58-078F2C3DE1B6}
		{68D80059-1D05-675E-F904-E2270B9C8647} = {29BFDC4D-408F-767A-DB58-078F2C3DE1B6}
		{97C9B3F1-116F-BFA0-B091-48DA246C758D} = {29BFDC4D-408F-767A-DB58-078F2C3DE1B6}
		{C7B2525F-51A1-1088-DDA7-19E45C36A242} = {AD272025-2E5C-3162-0E2B-31FAA377F8AF}
		{F97298BD-6671-F688-3BF9-926E86E90DFD} = {C7B2525F-51A1-1088-DDA7-19E45C36A242}
		{7CE0CF63-5CBA-CD35-1328-918D0547EA6A} = {C7B2525F-51A1-1088-DDA7-19E45C36A242}
		{E34DFF4F-645D-F8D2-A9FF-DFCCEC1644B9} = {C7B2525F-51A1-1088-DDA7-19E45C36A242}
		{C3DD9710-CA4F-A515-2615-8C33EA9EEFDC} = {C7B2525F-51A1-1088-DDA7-19E45C36A242}
		{CB44E6B6-6CD9-262D-8F17-53158E8D7182} = {06627EF0-F8F7-91C9-0255-1278026FDB9D}
		{6CBB296D-906E-756A-9BBC-FE8C7D96710F} = {CB44E6B6-6CD9-262D-8F17-53158E8D7182}
		{106E126A-52DB-AD47-9E1A-79CC019406B5} = {6CBB296D-906E-756A-9BBC-FE8C7D96710F}
		{14DB994E-B8DE-2784-09CD-F5CF73B2A2CD} = {6CBB296D-906E-756A-9BBC-FE8C7D96710F}
		{2CFF810A-B73B-92A1-1E51-38CAD8AF4FFC} = {6CBB296D-906E-756A-9BBC-FE8C7D96710F}
		{7EBE7298-634C-571C-9545-437AAEB4A5F4} = {6CBB296D-906E-756A-9BBC-FE8C7D96710F}
		{B6E2A876-DEBD-3341-2D03-6B20AFEFD4DE} = {CB44E6B6-6CD9-262D-8F17-53158E8D7182}
		{37CF23CB-2F9C-18EC-559B-9DFCCDA6C1EC} = {B6E2A876-DEBD-3341-2D03-6B20AFEFD4DE}
		{EAFCDBC3-FA0B-193E-8C53-E29B33724703} = {B6E2A876-DEBD-3341-2D03-6B20AFEFD4DE}
		{0AF0E7BF-7DB1-BA14-93E3-DE5C169075EC} = {B6E2A876-DEBD-3341-2D03-6B20AFEFD4DE}
		{F5997F03-252A-46BD-FE3D-1B1944F7211B} = {B6E2A876-DEBD-3341-2D03-6B20AFEFD4DE}
		{B0F812D8-E4E1-955C-03DA-54A5E61B2D2F} = {B6E2A876-DEBD-3341-2D03-6B20AFEFD4DE}
		{66D359E2-585E-1ED4-936B-B819ADEAAF2A} = {CB44E6B6-6CD9-262D-8F17-53158E8D7182}
		{69041B58-DD6E-43CF-B404-673E17B815D9} = {66D359E2-585E-1ED4-936B-B819ADEAAF2A}
		{6CB9FD3F-EFFB-E774-2942-B675BB3A3D81} = {66D359E2-585E-1ED4-936B-B819ADEAAF2A}
		{B5BE6CE7-6E1E-0B02-4F69-4FA6F7DBB8DC} = {66D359E2-585E-1ED4-936B-B819ADEAAF2A}
		{659B755B-31B5-27BF-5D47-48A197F8ED55} = {CB44E6B6-6CD9-262D-8F17-53158E8D7182}
		{F7407A13-3403-4DFC-FDDD-F29397D299A7} = {659B755B-31B5-27BF-5D47-48A197F8ED55}
		{EE13BDC3-421E-6334-59E1-88C27CEC411A} = {659B755B-31B5-27BF-5D47-48A197F8ED55}
		{2EF42DDB-9696-567C-0CE5-E0CACBECAA36} = {659B755B-31B5-27BF-5D47-48A197F8ED55}
		{89FF3934-5A27-4B22-FC24-FABB118D26B0} = {CB44E6B6-6CD9-262D-8F17-53158E8D7182}
		{6DDFD7FD-6955-E53B-E326-27C5D4C4A631} = {89FF3934-5A27-4B22-FC24-FABB118D26B0}
		{902C75E4-7E19-F60C-40EB-14FDD732E72F} = {89FF3934-5A27-4B22-FC24-FABB118D26B0}
		{D12171F9-9DBA-7C77-599F-34596BC2B4AF} = {89FF3934-5A27-4B22-FC24-FABB118D26B0}
		{B611F73A-6A2E-6B3E-B26B-6DCF5963CE51} = {89FF3934-5A27-4B22-FC24-FABB118D26B0}
	EndGlobalSection
	GlobalSection(ExtensibilityGlobals) = postSolution
		SolutionGuid = {18544A1E-13E7-4A3E-B621-1BCD80056F8A}
	EndGlobalSection
EndGlobal
